
Microsoft Visual Studio Solution File, Format Version 12.00
# Visual Studio Version 16
VisualStudioVersion = 16.0.31729.503
MinimumVisualStudioVersion = 10.0.40219.1
Project("{8BC9CEB8-8B4A-11D0-8D11-00A0C91BC942}") = "Task3", "Task3.vcxproj", "{DB145BD6-FC24-4E19-8CBD-D0E484C6CFEE}"
EndProject
Global
	GlobalSection(SolutionConfigurationPlatforms) = preSolution
		Debug|x64 = Debug|x64
		Debug|x86 = Debug|x86
		Release|x64 = Release|x64
		Release|x86 = Release|x86
	EndGlobalSection
	GlobalSection(ProjectConfigurationPlatforms) = postSolution
		{DB145BD6-FC24-4E19-8CBD-D0E484C6CFEE}.Debug|x64.ActiveCfg = Debug|x64
		{DB145BD6-FC24-4E19-8CBD-D0E484C6CFEE}.Debug|x64.Build.0 = Debug|x64
		{DB145BD6-FC24-4E19-8CBD-D0E484C6CFEE}.Debug|x86.ActiveCfg = Debug|Win32
		{DB145BD6-FC24-4E19-8CBD-D0E484C6CFEE}.Debug|x86.Build.0 = Debug|Win32
		{DB145BD6-FC24-4E19-8CBD-D0E484C6CFEE}.Release|x64.ActiveCfg = Release|x64
		{DB145BD6-FC24-4E19-8CBD-D0E484C6CFEE}.Release|x64.Build.0 = Release|x64
		{DB145BD6-FC24-4E19-8CBD-D0E484C6CFEE}.Release|x86.ActiveCfg = Release|Win32
		{DB145BD6-FC24-4E19-8CBD-D0E484C6CFEE}.Release|x86.Build.0 = Release|Win32
	EndGlobalSection
	GlobalSection(SolutionProperties) = preSolution
		HideSolutionNode = FALSE
	EndGlobalSection
	GlobalSection(ExtensibilityGlobals) = postSolution
		SolutionGuid = {791F9332-8753-461C-8D33-1F98B3A50D74}
	EndGlobalSection
EndGlobal
